// !$*UTF8*$!
{
	archiveVersion = 1;
	classes = {
	};
	objectVersion = 50;
	objects = {

/* Begin PBXBuildFile section */
		683014C821B42D7000F1247B /* AppDelegate.swift in Sources */ = {isa = PBXBuildFile; fileRef = 683014C721B42D7000F1247B /* AppDelegate.swift */; };
		683014CA21B42D7000F1247B /* CategoriesVC.swift in Sources */ = {isa = PBXBuildFile; fileRef = 683014C921B42D7000F1247B /* CategoriesVC.swift */; };
		683014CD21B42D7000F1247B /* Main.storyboard in Resources */ = {isa = PBXBuildFile; fileRef = 683014CB21B42D7000F1247B /* Main.storyboard */; };
		683014CF21B42D7000F1247B /* Assets.xcassets in Resources */ = {isa = PBXBuildFile; fileRef = 683014CE21B42D7000F1247B /* Assets.xcassets */; };
		683014D221B42D7000F1247B /* LaunchScreen.storyboard in Resources */ = {isa = PBXBuildFile; fileRef = 683014D021B42D7000F1247B /* LaunchScreen.storyboard */; };
		683014DD21B4415F00F1247B /* CategoryCellTV.swift in Sources */ = {isa = PBXBuildFile; fileRef = 683014DC21B4415F00F1247B /* CategoryCellTV.swift */; };
		683014DF21B4462E00F1247B /* Category.swift in Sources */ = {isa = PBXBuildFile; fileRef = 683014DE21B4462E00F1247B /* Category.swift */; };
/* End PBXBuildFile section */

/* Begin PBXFileReference section */
		683014C421B42D6F00F1247B /* Shop Today.app */ = {isa = PBXFileReference; explicitFileType = wrapper.application; includeInIndex = 0; path = "Shop Today.app"; sourceTree = BUILT_PRODUCTS_DIR; };
		683014C721B42D7000F1247B /* AppDelegate.swift */ = {isa = PBXFileReference; lastKnownFileType = sourcecode.swift; path = AppDelegate.swift; sourceTree = "<group>"; };
		683014C921B42D7000F1247B /* CategoriesVC.swift */ = {isa = PBXFileReference; lastKnownFileType = sourcecode.swift; path = CategoriesVC.swift; sourceTree = "<group>"; };
		683014CC21B42D7000F1247B /* Base */ = {isa = PBXFileReference; lastKnownFileType = file.storyboard; name = Base; path = Base.lproj/Main.storyboard; sourceTree = "<group>"; };
		683014CE21B42D7000F1247B /* Assets.xcassets */ = {isa = PBXFileReference; lastKnownFileType = folder.assetcatalog; path = Assets.xcassets; sourceTree = "<group>"; };
		683014D121B42D7000F1247B /* Base */ = {isa = PBXFileReference; lastKnownFileType = file.storyboard; name = Base; path = Base.lproj/LaunchScreen.storyboard; sourceTree = "<group>"; };
		683014D321B42D7000F1247B /* Info.plist */ = {isa = PBXFileReference; lastKnownFileType = text.plist.xml; path = Info.plist; sourceTree = "<group>"; };
		683014DC21B4415F00F1247B /* CategoryCellTV.swift */ = {isa = PBXFileReference; lastKnownFileType = sourcecode.swift; path = CategoryCellTV.swift; sourceTree = "<group>"; };
		683014DE21B4462E00F1247B /* Category.swift */ = {isa = PBXFileReference; lastKnownFileType = sourcecode.swift; path = Category.swift; sourceTree = "<group>"; };
/* End PBXFileReference section */

/* Begin PBXFrameworksBuildPhase section */
		683014C121B42D6F00F1247B /* Frameworks */ = {
			isa = PBXFrameworksBuildPhase;
			buildActionMask = 2147483647;
			files = (
			);
			runOnlyForDeploymentPostprocessing = 0;
		};
/* End PBXFrameworksBuildPhase section */

/* Begin PBXGroup section */
		683014BB21B42D6F00F1247B = {
			isa = PBXGroup;
			children = (
				683014C621B42D6F00F1247B /* Shop Today */,
				683014C521B42D6F00F1247B /* Products */,
			);
			sourceTree = "<group>";
		};
		683014C521B42D6F00F1247B /* Products */ = {
			isa = PBXGroup;
			children = (
				683014C421B42D6F00F1247B /* Shop Today.app */,
			);
			name = Products;
			sourceTree = "<group>";
		};
		683014C621B42D6F00F1247B /* Shop Today */ = {
			isa = PBXGroup;
			children = (
				683014DA21B4406D00F1247B /* Model */,
				683014DB21B4407800F1247B /* Views */,
				683014D921B4406200F1247B /* Controller */,
				683014C721B42D7000F1247B /* AppDelegate.swift */,
				683014CB21B42D7000F1247B /* Main.storyboard */,
				683014CE21B42D7000F1247B /* Assets.xcassets */,
				683014D021B42D7000F1247B /* LaunchScreen.storyboard */,
				683014D321B42D7000F1247B /* Info.plist */,
			);
			path = "Shop Today";
			sourceTree = "<group>";
		};
		683014D921B4406200F1247B /* Controller */ = {
			isa = PBXGroup;
			children = (
				683014C921B42D7000F1247B /* CategoriesVC.swift */,
			);
			path = Controller;
			sourceTree = "<group>";
		};
		683014DA21B4406D00F1247B /* Model */ = {
			isa = PBXGroup;
			children = (
				683014DE21B4462E00F1247B /* Category.swift */,
			);
			path = Model;
			sourceTree = "<group>";
		};
		683014DB21B4407800F1247B /* Views */ = {
			isa = PBXGroup;
			children = (
				683014DC21B4415F00F1247B /* CategoryCellTV.swift */,
			);
			path = Views;
			sourceTree = "<group>";
		};
/* End PBXGroup section */

/* Begin PBXNativeTarget section */
		683014C321B42D6F00F1247B /* Shop Today */ = {
			isa = PBXNativeTarget;
			buildConfigurationList = 683014D621B42D7000F1247B /* Build configuration list for PBXNativeTarget "Shop Today" */;
			buildPhases = (
				683014C021B42D6F00F1247B /* Sources */,
				683014C121B42D6F00F1247B /* Frameworks */,
				683014C221B42D6F00F1247B /* Resources */,
			);
			buildRules = (
			);
			dependencies = (
			);
			name = "Shop Today";
			productName = "Shop Today";
			productReference = 683014C421B42D6F00F1247B /* Shop Today.app */;
			productType = "com.apple.product-type.application";
		};
/* End PBXNativeTarget section */

/* Begin PBXProject section */
		683014BC21B42D6F00F1247B /* Project object */ = {
			isa = PBXProject;
			attributes = {
				LastSwiftUpdateCheck = 1000;
				LastUpgradeCheck = 1000;
				ORGANIZATIONNAME = Sudeepasa;
				TargetAttributes = {
					683014C321B42D6F00F1247B = {
						CreatedOnToolsVersion = 10.0;
					};
				};
			};
			buildConfigurationList = 683014BF21B42D6F00F1247B /* Build configuration list for PBXProject "Shop Today" */;
			compatibilityVersion = "Xcode 9.3";
			developmentRegion = en;
			hasScannedForEncodings = 0;
			knownRegions = (
				en,
				Base,
			);
			mainGroup = 683014BB21B42D6F00F1247B;
			productRefGroup = 683014C521B42D6F00F1247B /* Products */;
			projectDirPath = "";
			projectRoot = "";
			targets = (
				683014C321B42D6F00F1247B /* Shop Today */,
			);
		};
/* End PBXProject section */

/* Begin PBXResourcesBuildPhase section */
		683014C221B42D6F00F1247B /* Resources */ = {
			isa = PBXResourcesBuildPhase;
			buildActionMask = 2147483647;
			files = (
				683014D221B42D7000F1247B /* LaunchScreen.storyboard in Resources */,
				683014CF21B42D7000F1247B /* Assets.xcassets in Resources */,
				683014CD21B42D7000F1247B /* Main.storyboard in Resources */,
			);
			runOnlyForDeploymentPostprocessing = 0;
		};
/* End PBXResourcesBuildPhase section */

/* Begin PBXSourcesBuildPhase section */
		683014C021B42D6F00F1247B /* Sources */ = {
			isa = PBXSourcesBuildPhase;
			buildActionMask = 2147483647;
			files = (
				683014CA21B42D7000F1247B /* CategoriesVC.swift in Sources */,
				683014DD21B4415F00F1247B /* CategoryCellTV.swift in Sources */,
				683014C821B42D7000F1247B /* AppDelegate.swift in Sources */,
				683014DF21B4462E00F1247B /* Category.swift in Sources */,
			);
			runOnlyForDeploymentPostprocessing = 0;
		};
/* End PBXSourcesBuildPhase section */

/* Begin PBXVariantGroup section */
		683014CB21B42D7000F1247B /* Main.storyboard */ = {
			isa = PBXVariantGroup;
			children = (
				683014CC21B42D7000F1247B /* Base */,
			);
			name = Main.storyboard;
			sourceTree = "<group>";
		};
		683014D021B42D7000F1247B /* LaunchScreen.storyboard */ = {
			isa = PBXVariantGroup;
			children = (
				683014D121B42D7000F1247B /* Base */,
			);
			name = LaunchScreen.storyboard;
			sourceTree = "<group>";
		};
/* End PBXVariantGroup section */

/* Begin XCBuildConfiguration section */
		683014D421B42D7000F1247B /* Debug */ = {
			isa = XCBuildConfiguration;
			buildSettings = {
				ALWAYS_SEARCH_USER_PATHS = NO;
				CLANG_ANALYZER_NONNULL = YES;
				CLANG_ANALYZER_NUMBER_OBJECT_CONVERSION = YES_AGGRESSIVE;
				CLANG_CXX_LANGUAGE_STANDARD = "gnu++14";
				CLANG_CXX_LIBRARY = "libc++";
				CLANG_ENABLE_MODULES = YES;
				CLANG_ENABLE_OBJC_ARC = YES;
				CLANG_ENABLE_OBJC_WEAK = YES;
				CLANG_WARN_BLOCK_CAPTURE_AUTORELEASING = YES;
				CLANG_WARN_BOOL_CONVERSION = YES;
				CLANG_WARN_COMMA = YES;
				CLANG_WARN_CONSTANT_CONVERSION = YES;
				CLANG_WARN_DEPRECATED_OBJC_IMPLEMENTATIONS = YES;
				CLANG_WARN_DIRECT_OBJC_ISA_USAGE = YES_ERROR;
				CLANG_WARN_DOCUMENTATION_COMMENTS = YES;
				CLANG_WARN_EMPTY_BODY = YES;
				CLANG_WARN_ENUM_CONVERSION = YES;
				CLANG_WARN_INFINITE_RECURSION = YES;
				CLANG_WARN_INT_CONVERSION = YES;
				CLANG_WARN_NON_LITERAL_NULL_CONVERSION = YES;
				CLANG_WARN_OBJC_IMPLICIT_RETAIN_SELF = YES;
				CLANG_WARN_OBJC_LITERAL_CONVERSION = YES;
				CLANG_WARN_OBJC_ROOT_CLASS = YES_ERROR;
				CLANG_WARN_RANGE_LOOP_ANALYSIS = YES;
				CLANG_WARN_STRICT_PROTOTYPES = YES;
				CLANG_WARN_SUSPICIOUS_MOVE = YES;
				CLANG_WARN_UNGUARDED_AVAILABILITY = YES_AGGRESSIVE;
				CLANG_WARN_UNREACHABLE_CODE = YES;
				CLANG_WARN__DUPLICATE_METHOD_MATCH = YES;
				CODE_SIGN_IDENTITY = "iPhone Developer";
				COPY_PHASE_STRIP = NO;
				DEBUG_INFORMATION_FORMAT = dwarf;
				ENABLE_STRICT_OBJC_MSGSEND = YES;
				ENABLE_TESTABILITY = YES;
				GCC_C_LANGUAGE_STANDARD = gnu11;
				GCC_DYNAMIC_NO_PIC = NO;
				GCC_NO_COMMON_BLOCKS = YES;
				GCC_OPTIMIZATION_LEVEL = 0;
				GCC_PREPROCESSOR_DEFINITIONS = (
					"DEBUG=1",
					"$(inherited)",
				);
				GCC_WARN_64_TO_32_BIT_CONVERSION = YES;
				GCC_WARN_ABOUT_RETURN_TYPE = YES_ERROR;
				GCC_WARN_UNDECLARED_SELECTOR = YES;
				GCC_WARN_UNINITIALIZED_AUTOS = YES_AGGRESSIVE;
				GCC_WARN_UNUSED_FUNCTION = YES;
				GCC_WARN_UNUSED_VARIABLE = YES;
				IPHONEOS_DEPLOYMENT_TARGET = 12.0;
				MTL_ENABLE_DEBUG_INFO = INCLUDE_SOURCE;
				MTL_FAST_MATH = YES;
				ONLY_ACTIVE_ARCH = YES;
				SDKROOT = iphoneos;
				SWIFT_ACTIVE_COMPILATION_CONDITIONS = DEBUG;
				SWIFT_OPTIMIZATION_LEVEL = "-Onone";
			};
			name = Debug;
		};
		683014D521B42D7000F1247B /* Release */ = {
			isa = XCBuildConfiguration;
			buildSettings = {
				ALWAYS_SEARCH_USER_PATHS = NO;
				CLANG_ANALYZER_NONNULL = YES;
				CLANG_ANALYZER_NUMBER_OBJECT_CONVERSION = YES_AGGRESSIVE;
				CLANG_CXX_LANGUAGE_STANDARD = "gnu++14";
				CLANG_CXX_LIBRARY = "libc++";
				CLANG_ENABLE_MODULES = YES;
				CLANG_ENABLE_OBJC_ARC = YES;
				CLANG_ENABLE_OBJC_WEAK = YES;
				CLANG_WARN_BLOCK_CAPTURE_AUTORELEASING = YES;
				CLANG_WARN_BOOL_CONVERSION = YES;
				CLANG_WARN_COMMA = YES;
				CLANG_WARN_CONSTANT_CONVERSION = YES;
				CLANG_WARN_DEPRECATED_OBJC_IMPLEMENTATIONS = YES;
				CLANG_WARN_DIRECT_OBJC_ISA_USAGE = YES_ERROR;
				CLANG_WARN_DOCUMENTATION_COMMENTS = YES;
				CLANG_WARN_EMPTY_BODY = YES;
				CLANG_WARN_ENUM_CONVERSION = YES;
				CLANG_WARN_INFINITE_RECURSION = YES;
				CLANG_WARN_INT_CONVERSION = YES;
				CLANG_WARN_NON_LITERAL_NULL_CONVERSION = YES;
				CLANG_WARN_OBJC_IMPLICIT_RETAIN_SELF = YES;
				CLANG_WARN_OBJC_LITERAL_CONVERSION = YES;
				CLANG_WARN_OBJC_ROOT_CLASS = YES_ERROR;
				CLANG_WARN_RANGE_LOOP_ANALYSIS = YES;
				CLANG_WARN_STRICT_PROTOTYPES = YES;
				CLANG_WARN_SUSPICIOUS_MOVE = YES;
				CLANG_WARN_UNGUARDED_AVAILABILITY = YES_AGGRESSIVE;
				CLANG_WARN_UNREACHABLE_CODE = YES;
				CLANG_WARN__DUPLICATE_METHOD_MATCH = YES;
				CODE_SIGN_IDENTITY = "iPhone Developer";
				COPY_PHASE_STRIP = NO;
				DEBUG_INFORMATION_FORMAT = "dwarf-with-dsym";
				ENABLE_NS_ASSERTIONS = NO;
				ENABLE_STRICT_OBJC_MSGSEND = YES;
				GCC_C_LANGUAGE_STANDARD = gnu11;
				GCC_NO_COMMON_BLOCKS = YES;
				GCC_WARN_64_TO_32_BIT_CONVERSION = YES;
				GCC_WARN_ABOUT_RETURN_TYPE = YES_ERROR;
				GCC_WARN_UNDECLARED_SELECTOR = YES;
				GCC_WARN_UNINITIALIZED_AUTOS = YES_AGGRESSIVE;
				GCC_WARN_UNUSED_FUNCTION = YES;
				GCC_WARN_UNUSED_VARIABLE = YES;
				IPHONEOS_DEPLOYMENT_TARGET = 12.0;
				MTL_ENABLE_DEBUG_INFO = NO;
				MTL_FAST_MATH = YES;
				SDKROOT = iphoneos;
				SWIFT_COMPILATION_MODE = wholemodule;
				SWIFT_OPTIMIZATION_LEVEL = "-O";
				VALIDATE_PRODUCT = YES;
			};
			name = Release;
		};
		683014D721B42D7000F1247B /* Debug */ = {
			isa = XCBuildConfiguration;
			buildSettings = {
				ASSETCATALOG_COMPILER_APPICON_NAME = AppIcon;
				CODE_SIGN_STYLE = Automatic;
				DEVELOPMENT_TEAM = G7427U3PBF;
				INFOPLIST_FILE = "Shop Today/Info.plist";
				LD_RUNPATH_SEARCH_PATHS = (
					"$(inherited)",
					"@executable_path/Frameworks",
				);
				PRODUCT_BUNDLE_IDENTIFIER = "com.sudeepasadevelopement.Shop-Today";
				PRODUCT_NAME = "$(TARGET_NAME)";
				SWIFT_VERSION = 4.2;
				TARGETED_DEVICE_FAMILY = "1,2";
			};
			name = Debug;
		};
		683014D821B42D7000F1247B /* Release */ = {
			isa = XCBuildConfiguration;
			buildSettings = {
				ASSETCATALOG_COMPILER_APPICON_NAME = AppIcon;
				CODE_SIGN_STYLE = Automatic;
				DEVELOPMENT_TEAM = G7427U3PBF;
				INFOPLIST_FILE = "Shop Today/Info.plist";
				LD_RUNPATH_SEARCH_PATHS = (
					"$(inherited)",
					"@executable_path/Frameworks",
				);
				PRODUCT_BUNDLE_IDENTIFIER = "com.sudeepasadevelopement.Shop-Today";
				PRODUCT_NAME = "$(TARGET_NAME)";
				SWIFT_VERSION = 4.2;
				TARGETED_DEVICE_FAMILY = "1,2";
			};
			name = Release;
		};
/* End XCBuildConfiguration section */

/* Begin XCConfigurationList section */
		683014BF21B42D6F00F1247B /* Build configuration list for PBXProject "Shop Today" */ = {
			isa = XCConfigurationList;
			buildConfigurations = (
				683014D421B42D7000F1247B /* Debug */,
				683014D521B42D7000F1247B /* Release */,
			);
			defaultConfigurationIsVisible = 0;
			defaultConfigurationName = Release;
		};
		683014D621B42D7000F1247B /* Build configuration list for PBXNativeTarget "Shop Today" */ = {
			isa = XCConfigurationList;
			buildConfigurations = (
				683014D721B42D7000F1247B /* Debug */,
				683014D821B42D7000F1247B /* Release */,
			);
			defaultConfigurationIsVisible = 0;
			defaultConfigurationName = Release;
		};
/* End XCConfigurationList section */
	};
	rootObject = 683014BC21B42D6F00F1247B /* Project object */;
}
